
Microsoft Visual Studio Solution File, Format Version 12.00
# Visual Studio Version 17
VisualStudioVersion = 17.11.35327.3
MinimumVisualStudioVersion = 10.0.40219.1
Project("{FAE04EC0-301F-11D3-BF4B-00C04F79EFBC}") = "PT-App", "PT-App\PT-App.csproj", "{74534439-77D4-4ACD-A64E-4EE63CFE4484}"
EndProject
Project("{FAE04EC0-301F-11D3-BF4B-00C04F79EFBC}") = "PT-LIb", "PT-LIb\PT-LIb.csproj", "{84FDCC7E-2443-4ACF-B7CE-06578BB460F2}"
EndProject
Global
	GlobalSection(SolutionConfigurationPlatforms) = preSolution
		Debug|Any CPU = Debug|Any CPU
		Release|Any CPU = Release|Any CPU
	EndGlobalSection
	GlobalSection(ProjectConfigurationPlatforms) = postSolution
		{74534439-77D4-4ACD-A64E-4EE63CFE4484}.Debug|Any CPU.ActiveCfg = Debug|Any CPU
		{74534439-77D4-4ACD-A64E-4EE63CFE4484}.Debug|Any CPU.Build.0 = Debug|Any CPU
		{74534439-77D4-4ACD-A64E-4EE63CFE4484}.Release|Any CPU.ActiveCfg = Release|Any CPU
		{74534439-77D4-4ACD-A64E-4EE63CFE4484}.Release|Any CPU.Build.0 = Release|Any CPU
		{84FDCC7E-2443-4ACF-B7CE-06578BB460F2}.Debug|Any CPU.ActiveCfg = Debug|Any CPU
		{84FDCC7E-2443-4ACF-B7CE-06578BB460F2}.Debug|Any CPU.Build.0 = Debug|Any CPU
		{84FDCC7E-2443-4ACF-B7CE-06578BB460F2}.Release|Any CPU.ActiveCfg = Release|Any CPU
		{84FDCC7E-2443-4ACF-B7CE-06578BB460F2}.Release|Any CPU.Build.0 = Release|Any CPU
	EndGlobalSection
	GlobalSection(SolutionProperties) = preSolution
		HideSolutionNode = FALSE
	EndGlobalSection
	GlobalSection(ExtensibilityGlobals) = postSolution
		SolutionGuid = {19846797-1E67-409C-BFFA-A03C9DD5E51B}
	EndGlobalSection
EndGlobal
